
Microsoft Visual Studio Solution File, Format Version 12.00
# Visual Studio Version 17
VisualStudioVersion = 17.9.34728.123
MinimumVisualStudioVersion = 10.0.40219.1
Project("{FAE04EC0-301F-11D3-BF4B-00C04F79EFBC}") = "WebAPI", "WebAPI\WebAPI.csproj", "{C23ADC8C-A420-4D38-95DD-CA37BC4BE8FB}"
EndProject
Project("{FAE04EC0-301F-11D3-BF4B-00C04F79EFBC}") = "Business", "Business\Business.csproj", "{14A853BE-4F93-40DC-9D52-E437D22F2B3B}"
EndProject
Project("{FAE04EC0-301F-11D3-BF4B-00C04F79EFBC}") = "DataAccess", "DataAccess\DataAccess.csproj", "{E9321446-A58E-43A3-AFCE-5838D08E14E2}"
EndProject
Project("{FAE04EC0-301F-11D3-BF4B-00C04F79EFBC}") = "Entities", "Entities\Entities.csproj", "{4E4DECB7-1310-4F21-A789-5D44F8A61154}"
EndProject
Project("{FAE04EC0-301F-11D3-BF4B-00C04F79EFBC}") = "Core", "Core\Core.csproj", "{E394067A-66A7-48AF-AF35-7208D680296F}"
EndProject
Global
	GlobalSection(SolutionConfigurationPlatforms) = preSolution
		Debug|Any CPU = Debug|Any CPU
		Release|Any CPU = Release|Any CPU
	EndGlobalSection
	GlobalSection(ProjectConfigurationPlatforms) = postSolution
		{C23ADC8C-A420-4D38-95DD-CA37BC4BE8FB}.Debug|Any CPU.ActiveCfg = Debug|Any CPU
		{C23ADC8C-A420-4D38-95DD-CA37BC4BE8FB}.Debug|Any CPU.Build.0 = Debug|Any CPU
		{C23ADC8C-A420-4D38-95DD-CA37BC4BE8FB}.Release|Any CPU.ActiveCfg = Release|Any CPU
		{C23ADC8C-A420-4D38-95DD-CA37BC4BE8FB}.Release|Any CPU.Build.0 = Release|Any CPU
		{14A853BE-4F93-40DC-9D52-E437D22F2B3B}.Debug|Any CPU.ActiveCfg = Debug|Any CPU
		{14A853BE-4F93-40DC-9D52-E437D22F2B3B}.Debug|Any CPU.Build.0 = Debug|Any CPU
		{14A853BE-4F93-40DC-9D52-E437D22F2B3B}.Release|Any CPU.ActiveCfg = Release|Any CPU
		{14A853BE-4F93-40DC-9D52-E437D22F2B3B}.Release|Any CPU.Build.0 = Release|Any CPU
		{E9321446-A58E-43A3-AFCE-5838D08E14E2}.Debug|Any CPU.ActiveCfg = Debug|Any CPU
		{E9321446-A58E-43A3-AFCE-5838D08E14E2}.Debug|Any CPU.Build.0 = Debug|Any CPU
		{E9321446-A58E-43A3-AFCE-5838D08E14E2}.Release|Any CPU.ActiveCfg = Release|Any CPU
		{E9321446-A58E-43A3-AFCE-5838D08E14E2}.Release|Any CPU.Build.0 = Release|Any CPU
		{4E4DECB7-1310-4F21-A789-5D44F8A61154}.Debug|Any CPU.ActiveCfg = Debug|Any CPU
		{4E4DECB7-1310-4F21-A789-5D44F8A61154}.Debug|Any CPU.Build.0 = Debug|Any CPU
		{4E4DECB7-1310-4F21-A789-5D44F8A61154}.Release|Any CPU.ActiveCfg = Release|Any CPU
		{4E4DECB7-1310-4F21-A789-5D44F8A61154}.Release|Any CPU.Build.0 = Release|Any CPU
		{E394067A-66A7-48AF-AF35-7208D680296F}.Debug|Any CPU.ActiveCfg = Debug|Any CPU
		{E394067A-66A7-48AF-AF35-7208D680296F}.Debug|Any CPU.Build.0 = Debug|Any CPU
		{E394067A-66A7-48AF-AF35-7208D680296F}.Release|Any CPU.ActiveCfg = Release|Any CPU
		{E394067A-66A7-48AF-AF35-7208D680296F}.Release|Any CPU.Build.0 = Release|Any CPU
	EndGlobalSection
	GlobalSection(SolutionProperties) = preSolution
		HideSolutionNode = FALSE
	EndGlobalSection
	GlobalSection(ExtensibilityGlobals) = postSolution
		SolutionGuid = {175F9521-41D2-405D-A0D2-5E9ABCE89108}
	EndGlobalSection
EndGlobal
